
Microsoft Visual Studio Solution File, Format Version 12.00
# Visual Studio Version 17
VisualStudioVersion = 17.8.34601.278
MinimumVisualStudioVersion = 10.0.40219.1
Project("{FAE04EC0-301F-11D3-BF4B-00C04F79EFBC}") = "kafka-dotnet-getting-started", "kafka-dotnet-getting-started\kafka-dotnet-getting-started.csproj", "{86377596-C3FE-4C1A-B3BC-C39118F3DCA5}"
EndProject
Project("{FAE04EC0-301F-11D3-BF4B-00C04F79EFBC}") = "producer", "producer\producer.csproj", "{BC1B9D6B-6372-4708-AB89-5D2A7332F3CE}"
EndProject
Project("{FAE04EC0-301F-11D3-BF4B-00C04F79EFBC}") = "consumer", "consumer\consumer.csproj", "{F476CB26-42F3-417D-8FAC-7B9E29B9099D}"
EndProject
Project("{2150E333-8FDC-42A3-9474-1A3956D46DE8}") = "Solution Items", "Solution Items", "{7FF331E5-8499-41DC-B1A0-D24A59E7EBCC}"
	ProjectSection(SolutionItems) = preProject
		getting-started.properties = getting-started.properties
	EndProjectSection
EndProject
Global
	GlobalSection(SolutionConfigurationPlatforms) = preSolution
		Debug|Any CPU = Debug|Any CPU
		Release|Any CPU = Release|Any CPU
	EndGlobalSection
	GlobalSection(ProjectConfigurationPlatforms) = postSolution
		{86377596-C3FE-4C1A-B3BC-C39118F3DCA5}.Debug|Any CPU.ActiveCfg = Debug|Any CPU
		{86377596-C3FE-4C1A-B3BC-C39118F3DCA5}.Debug|Any CPU.Build.0 = Debug|Any CPU
		{86377596-C3FE-4C1A-B3BC-C39118F3DCA5}.Release|Any CPU.ActiveCfg = Release|Any CPU
		{86377596-C3FE-4C1A-B3BC-C39118F3DCA5}.Release|Any CPU.Build.0 = Release|Any CPU
		{BC1B9D6B-6372-4708-AB89-5D2A7332F3CE}.Debug|Any CPU.ActiveCfg = Debug|Any CPU
		{BC1B9D6B-6372-4708-AB89-5D2A7332F3CE}.Debug|Any CPU.Build.0 = Debug|Any CPU
		{BC1B9D6B-6372-4708-AB89-5D2A7332F3CE}.Release|Any CPU.ActiveCfg = Release|Any CPU
		{BC1B9D6B-6372-4708-AB89-5D2A7332F3CE}.Release|Any CPU.Build.0 = Release|Any CPU
		{F476CB26-42F3-417D-8FAC-7B9E29B9099D}.Debug|Any CPU.ActiveCfg = Debug|Any CPU
		{F476CB26-42F3-417D-8FAC-7B9E29B9099D}.Debug|Any CPU.Build.0 = Debug|Any CPU
		{F476CB26-42F3-417D-8FAC-7B9E29B9099D}.Release|Any CPU.ActiveCfg = Release|Any CPU
		{F476CB26-42F3-417D-8FAC-7B9E29B9099D}.Release|Any CPU.Build.0 = Release|Any CPU
	EndGlobalSection
	GlobalSection(SolutionProperties) = preSolution
		HideSolutionNode = FALSE
	EndGlobalSection
	GlobalSection(ExtensibilityGlobals) = postSolution
		SolutionGuid = {83E95209-A073-4DDB-8B1A-A5AFC2235AAE}
	EndGlobalSection
EndGlobal
